
Microsoft Visual Studio Solution File, Format Version 12.00
# Visual Studio Version 16
VisualStudioVersion = 16.0.31702.278
MinimumVisualStudioVersion = 10.0.40219.1
Project("{FAE04EC0-301F-11D3-BF4B-00C04F79EFBC}") = "chessboard", "chessboard\chessboard.csproj", "{B2091793-EB8E-4365-9B8A-D70904D0A92E}"
EndProject
Global
	GlobalSection(SolutionConfigurationPlatforms) = preSolution
		Debug|Any CPU = Debug|Any CPU
		Release|Any CPU = Release|Any CPU
	EndGlobalSection
	GlobalSection(ProjectConfigurationPlatforms) = postSolution
		{B2091793-EB8E-4365-9B8A-D70904D0A92E}.Debug|Any CPU.ActiveCfg = Debug|Any CPU
		{B2091793-EB8E-4365-9B8A-D70904D0A92E}.Debug|Any CPU.Build.0 = Debug|Any CPU
		{B2091793-EB8E-4365-9B8A-D70904D0A92E}.Release|Any CPU.ActiveCfg = Release|Any CPU
		{B2091793-EB8E-4365-9B8A-D70904D0A92E}.Release|Any CPU.Build.0 = Release|Any CPU
	EndGlobalSection
	GlobalSection(SolutionProperties) = preSolution
		HideSolutionNode = FALSE
	EndGlobalSection
	GlobalSection(ExtensibilityGlobals) = postSolution
		SolutionGuid = {1B018A71-D7B6-4B63-8D62-B8BF9A5F0A28}
	EndGlobalSection
EndGlobal
